
Microsoft Visual Studio Solution File, Format Version 12.00
# Visual Studio Version 17
VisualStudioVersion = 17.6.33723.286
MinimumVisualStudioVersion = 10.0.40219.1
Project("{FAE04EC0-301F-11D3-BF4B-00C04F79EFBC}") = "Laboratorio de DBP", "Laboratorio de DBP\Laboratorio de DBP.csproj", "{E72127AF-9129-4E73-A5A9-350D8EBDEF71}"
EndProject
Project("{FAE04EC0-301F-11D3-BF4B-00C04F79EFBC}") = "DataService", "DataService\DataService.csproj", "{BE41546F-E26F-4B27-9E00-4C7CBBB2CAE9}"
EndProject
Project("{FAE04EC0-301F-11D3-BF4B-00C04F79EFBC}") = "TraerCiudades", "TraerCiudades\TraerCiudades.csproj", "{32F05316-1CBC-4888-9D9C-8EBCE400D646}"
EndProject
Project("{FAE04EC0-301F-11D3-BF4B-00C04F79EFBC}") = "ServicioG", "ServicioG\ServicioG.csproj", "{F52F7EB4-0DB4-4E2E-85A0-3169618DC171}"
EndProject
Global
	GlobalSection(SolutionConfigurationPlatforms) = preSolution
		Debug|Any CPU = Debug|Any CPU
		Release|Any CPU = Release|Any CPU
	EndGlobalSection
	GlobalSection(ProjectConfigurationPlatforms) = postSolution
		{E72127AF-9129-4E73-A5A9-350D8EBDEF71}.Debug|Any CPU.ActiveCfg = Debug|Any CPU
		{E72127AF-9129-4E73-A5A9-350D8EBDEF71}.Debug|Any CPU.Build.0 = Debug|Any CPU
		{E72127AF-9129-4E73-A5A9-350D8EBDEF71}.Release|Any CPU.ActiveCfg = Release|Any CPU
		{E72127AF-9129-4E73-A5A9-350D8EBDEF71}.Release|Any CPU.Build.0 = Release|Any CPU
		{BE41546F-E26F-4B27-9E00-4C7CBBB2CAE9}.Debug|Any CPU.ActiveCfg = Debug|Any CPU
		{BE41546F-E26F-4B27-9E00-4C7CBBB2CAE9}.Debug|Any CPU.Build.0 = Debug|Any CPU
		{BE41546F-E26F-4B27-9E00-4C7CBBB2CAE9}.Release|Any CPU.ActiveCfg = Release|Any CPU
		{BE41546F-E26F-4B27-9E00-4C7CBBB2CAE9}.Release|Any CPU.Build.0 = Release|Any CPU
		{32F05316-1CBC-4888-9D9C-8EBCE400D646}.Debug|Any CPU.ActiveCfg = Debug|Any CPU
		{32F05316-1CBC-4888-9D9C-8EBCE400D646}.Debug|Any CPU.Build.0 = Debug|Any CPU
		{32F05316-1CBC-4888-9D9C-8EBCE400D646}.Release|Any CPU.ActiveCfg = Release|Any CPU
		{32F05316-1CBC-4888-9D9C-8EBCE400D646}.Release|Any CPU.Build.0 = Release|Any CPU
		{F52F7EB4-0DB4-4E2E-85A0-3169618DC171}.Debug|Any CPU.ActiveCfg = Debug|Any CPU
		{F52F7EB4-0DB4-4E2E-85A0-3169618DC171}.Debug|Any CPU.Build.0 = Debug|Any CPU
		{F52F7EB4-0DB4-4E2E-85A0-3169618DC171}.Release|Any CPU.ActiveCfg = Release|Any CPU
		{F52F7EB4-0DB4-4E2E-85A0-3169618DC171}.Release|Any CPU.Build.0 = Release|Any CPU
	EndGlobalSection
	GlobalSection(SolutionProperties) = preSolution
		HideSolutionNode = FALSE
	EndGlobalSection
	GlobalSection(ExtensibilityGlobals) = postSolution
		SolutionGuid = {5B2FEE31-DB22-48DB-B881-7A33B1B2A95B}
	EndGlobalSection
EndGlobal
